
Microsoft Visual Studio Solution File, Format Version 12.00
# Visual Studio Version 17
VisualStudioVersion = 17.9.34723.18
MinimumVisualStudioVersion = 10.0.40219.1
Project("{9A19103F-16F7-4668-BE54-9A1E7A4F7556}") = "ApiConciertosExamen", "ApiConciertosExamen.csproj", "{D03AA5A6-E8D7-4EEB-B5D3-E45FA1700D6C}"
EndProject
Global
	GlobalSection(SolutionConfigurationPlatforms) = preSolution
		Debug|Any CPU = Debug|Any CPU
		Release|Any CPU = Release|Any CPU
	EndGlobalSection
	GlobalSection(ProjectConfigurationPlatforms) = postSolution
		{D03AA5A6-E8D7-4EEB-B5D3-E45FA1700D6C}.Debug|Any CPU.ActiveCfg = Debug|Any CPU
		{D03AA5A6-E8D7-4EEB-B5D3-E45FA1700D6C}.Debug|Any CPU.Build.0 = Debug|Any CPU
		{D03AA5A6-E8D7-4EEB-B5D3-E45FA1700D6C}.Release|Any CPU.ActiveCfg = Release|Any CPU
		{D03AA5A6-E8D7-4EEB-B5D3-E45FA1700D6C}.Release|Any CPU.Build.0 = Release|Any CPU
	EndGlobalSection
	GlobalSection(SolutionProperties) = preSolution
		HideSolutionNode = FALSE
	EndGlobalSection
	GlobalSection(ExtensibilityGlobals) = postSolution
		SolutionGuid = {19313A8F-970C-4217-B3DA-C52A87D80428}
	EndGlobalSection
EndGlobal
